
Microsoft Visual Studio Solution File, Format Version 12.00
# Visual Studio Version 16
VisualStudioVersion = 16.0.30011.22
MinimumVisualStudioVersion = 10.0.40219.1
Project("{FAE04EC0-301F-11D3-BF4B-00C04F79EFBC}") = "BigSort", "BigSort\BigSort.csproj", "{30F62DCD-CBEB-47F5-B18A-545284C725DE}"
EndProject
Project("{FAE04EC0-301F-11D3-BF4B-00C04F79EFBC}") = "BigSort.Test", "BigSort.Test\BigSort.Test.csproj", "{BEC17826-BC13-4C9A-8EFF-8D67FD08ECBD}"
EndProject
Global
	GlobalSection(SolutionConfigurationPlatforms) = preSolution
		Debug|Any CPU = Debug|Any CPU
		Release|Any CPU = Release|Any CPU
	EndGlobalSection
	GlobalSection(ProjectConfigurationPlatforms) = postSolution
		{30F62DCD-CBEB-47F5-B18A-545284C725DE}.Debug|Any CPU.ActiveCfg = Debug|Any CPU
		{30F62DCD-CBEB-47F5-B18A-545284C725DE}.Debug|Any CPU.Build.0 = Debug|Any CPU
		{30F62DCD-CBEB-47F5-B18A-545284C725DE}.Release|Any CPU.ActiveCfg = Release|Any CPU
		{30F62DCD-CBEB-47F5-B18A-545284C725DE}.Release|Any CPU.Build.0 = Release|Any CPU
		{BEC17826-BC13-4C9A-8EFF-8D67FD08ECBD}.Debug|Any CPU.ActiveCfg = Debug|Any CPU
		{BEC17826-BC13-4C9A-8EFF-8D67FD08ECBD}.Debug|Any CPU.Build.0 = Debug|Any CPU
		{BEC17826-BC13-4C9A-8EFF-8D67FD08ECBD}.Release|Any CPU.ActiveCfg = Release|Any CPU
		{BEC17826-BC13-4C9A-8EFF-8D67FD08ECBD}.Release|Any CPU.Build.0 = Release|Any CPU
	EndGlobalSection
	GlobalSection(SolutionProperties) = preSolution
		HideSolutionNode = FALSE
	EndGlobalSection
	GlobalSection(ExtensibilityGlobals) = postSolution
		SolutionGuid = {F013351B-A396-4950-9CD5-9B448AD4936B}
	EndGlobalSection
EndGlobal
